# THIS IS AN AUTOGENERATED FILE. DO NOT EDIT THIS FILE DIRECTLY.
# yarn lockfile v1


"@babel/helper-validator-identifier@^7.14.0":
  version "7.14.0"
  resolved "https://registry.nlark.com/@babel/helper-validator-identifier/download/@babel/helper-validator-identifier-7.14.0.tgz?cache=0&sync_timestamp=1619727412592&other_urls=https%3A%2F%2Fregistry.nlark.com%2F%40babel%2Fhelper-validator-identifier%2Fdownload%2F%40babel%2Fhelper-validator-identifier-7.14.0.tgz#d26cad8a47c65286b15df1547319a5d0bcf27288"
  integrity sha1-0mytikfGUoaxXfFUcxml0Lzycog=

"@babel/parser@^7.1.0":
  version "7.14.3"
  resolved "https://registry.nlark.com/@babel/parser/download/@babel/parser-7.14.3.tgz?cache=0&sync_timestamp=1621284389691&other_urls=https%3A%2F%2Fregistry.nlark.com%2F%40babel%2Fparser%2Fdownload%2F%40babel%2Fparser-7.14.3.tgz#9b530eecb071fd0c93519df25c5ff9f14759f298"
  integrity sha1-m1MO7LBx/QyTUZ3yXF/58UdZ8pg=

"@babel/types@^7.0.0", "@babel/types@^7.3.0":
  version "7.14.2"
  resolved "https://registry.nlark.com/@babel/types/download/@babel/types-7.14.2.tgz#4208ae003107ef8a057ea8333e56eb64d2f6a2c3"
  integrity sha1-QgiuADEH74oFfqgzPlbrZNL2osM=
  dependencies:
    "@babel/helper-validator-identifier" "^7.14.0"
    to-fast-properties "^2.0.0"

"@types/babel__core@^7.1.14":
  version "7.1.14"
  resolved "https://registry.nlark.com/@types/babel__core/download/@types/babel__core-7.1.14.tgz#faaeefc4185ec71c389f4501ee5ec84b170cc402"
  integrity sha1-+q7vxBhexxw4n0UB7l7ISxcMxAI=
  dependencies:
    "@babel/parser" "^7.1.0"
    "@babel/types" "^7.0.0"
    "@types/babel__generator" "*"
    "@types/babel__template" "*"
    "@types/babel__traverse" "*"

"@types/babel__generator@*":
  version "7.6.2"
  resolved "https://registry.nlark.com/@types/babel__generator/download/@types/babel__generator-7.6.2.tgz#f3d71178e187858f7c45e30380f8f1b7415a12d8"
  integrity sha1-89cReOGHhY98ReMDgPjxt0FaEtg=
  dependencies:
    "@babel/types" "^7.0.0"

"@types/babel__template@*":
  version "7.4.0"
  resolved "https://registry.nlark.com/@types/babel__template/download/@types/babel__template-7.4.0.tgz#0c888dd70b3ee9eebb6e4f200e809da0076262be"
  integrity sha1-DIiN1ws+6e67bk8gDoCdoAdiYr4=
  dependencies:
    "@babel/parser" "^7.1.0"
    "@babel/types" "^7.0.0"

"@types/babel__traverse@*":
  version "7.11.1"
  resolved "https://registry.nlark.com/@types/babel__traverse/download/@types/babel__traverse-7.11.1.tgz#654f6c4f67568e24c23b367e947098c6206fa639"
  integrity sha1-ZU9sT2dWjiTCOzZ+lHCYxiBvpjk=
  dependencies:
    "@babel/types" "^7.3.0"

camelize@^1.0.0:
  version "1.0.0"
  resolved "https://registry.npm.taobao.org/camelize/download/camelize-1.0.0.tgz#164a5483e630fa4321e5af07020e531831b2609b"
  integrity sha1-FkpUg+Yw+kMh5a8HAg5TGDGyYJs=

to-fast-properties@^2.0.0:
  version "2.0.0"
  resolved "https://registry.npm.taobao.org/to-fast-properties/download/to-fast-properties-2.0.0.tgz#dc5e698cbd079265bc73e0377681a4e4e83f616e"
  integrity sha1-3F5pjL0HkmW8c+A3doGk5Og/YW4=
