# THIS IS AN AUTOGENERATED FILE. DO NOT EDIT THIS FILE DIRECTLY.
# yarn lockfile v1


"@babel/helper-validator-identifier@^7.12.11":
  version "7.12.11"
  resolved "https://registry.yarnpkg.com/@babel/helper-validator-identifier/-/helper-validator-identifier-7.12.11.tgz#c9a1f021917dcb5ccf0d4e453e399022981fc9ed"
  integrity sha512-np/lG3uARFybkoHokJUmf1QfEvRVCPbmQeUQpKow5cQ3xWrV9i3rUHodKDJPQfTVX61qKi+UdYk8kik84n7XOw==

"@babel/parser@^7.1.0":
  version "7.13.16"
  resolved "https://registry.yarnpkg.com/@babel/parser/-/parser-7.13.16.tgz#0f18179b0448e6939b1f3f5c4c355a3a9bcdfd37"
  integrity sha512-6bAg36mCwuqLO0hbR+z7PHuqWiCeP7Dzg73OpQwsAB1Eb8HnGEz5xYBzCfbu+YjoaJsJs+qheDxVAuqbt3ILEw==

"@babel/types@^7.0.0", "@babel/types@^7.3.0":
  version "7.13.17"
  resolved "https://registry.yarnpkg.com/@babel/types/-/types-7.13.17.tgz#48010a115c9fba7588b4437dd68c9469012b38b4"
  integrity sha512-RawydLgxbOPDlTLJNtoIypwdmAy//uQIzlKt2+iBiJaRlVuI6QLUxVAyWGNfOzp8Yu4L4lLIacoCyTNtpb4wiA==
  dependencies:
    "@babel/helper-validator-identifier" "^7.12.11"
    to-fast-properties "^2.0.0"

"@types/babel__core@^7.1.14":
  version "7.1.14"
  resolved "https://registry.yarnpkg.com/@types/babel__core/-/babel__core-7.1.14.tgz#faaeefc4185ec71c389f4501ee5ec84b170cc402"
  integrity sha512-zGZJzzBUVDo/eV6KgbE0f0ZI7dInEYvo12Rb70uNQDshC3SkRMb67ja0GgRHZgAX3Za6rhaWlvbDO8rrGyAb1g==
  dependencies:
    "@babel/parser" "^7.1.0"
    "@babel/types" "^7.0.0"
    "@types/babel__generator" "*"
    "@types/babel__template" "*"
    "@types/babel__traverse" "*"

"@types/babel__generator@*":
  version "7.6.2"
  resolved "https://registry.yarnpkg.com/@types/babel__generator/-/babel__generator-7.6.2.tgz#f3d71178e187858f7c45e30380f8f1b7415a12d8"
  integrity sha512-MdSJnBjl+bdwkLskZ3NGFp9YcXGx5ggLpQQPqtgakVhsWK0hTtNYhjpZLlWQTviGTvF8at+Bvli3jV7faPdgeQ==
  dependencies:
    "@babel/types" "^7.0.0"

"@types/babel__template@*":
  version "7.4.0"
  resolved "https://registry.yarnpkg.com/@types/babel__template/-/babel__template-7.4.0.tgz#0c888dd70b3ee9eebb6e4f200e809da0076262be"
  integrity sha512-NTPErx4/FiPCGScH7foPyr+/1Dkzkni+rHiYHHoTjvwou7AQzJkNeD60A9CXRy+ZEN2B1bggmkTMCDb+Mv5k+A==
  dependencies:
    "@babel/parser" "^7.1.0"
    "@babel/types" "^7.0.0"

"@types/babel__traverse@*":
  version "7.11.1"
  resolved "https://registry.yarnpkg.com/@types/babel__traverse/-/babel__traverse-7.11.1.tgz#654f6c4f67568e24c23b367e947098c6206fa639"
  integrity sha512-Vs0hm0vPahPMYi9tDjtP66llufgO3ST16WXaSTtDGEl9cewAl3AibmxWw6TINOqHPT9z0uABKAYjT9jNSg4npw==
  dependencies:
    "@babel/types" "^7.3.0"

camelize@^1.0.0:
  version "1.0.0"
  resolved "https://registry.yarnpkg.com/camelize/-/camelize-1.0.0.tgz#164a5483e630fa4321e5af07020e531831b2609b"
  integrity sha1-FkpUg+Yw+kMh5a8HAg5TGDGyYJs=

to-fast-properties@^2.0.0:
  version "2.0.0"
  resolved "https://registry.yarnpkg.com/to-fast-properties/-/to-fast-properties-2.0.0.tgz#dc5e698cbd079265bc73e0377681a4e4e83f616e"
  integrity sha1-3F5pjL0HkmW8c+A3doGk5Og/YW4=
