# THIS IS AN AUTOGENERATED FILE. DO NOT EDIT THIS FILE DIRECTLY.
# yarn lockfile v1


address@^1.0.1:
  version "1.1.2"
  resolved "https://registry.yarnpkg.com/address/-/address-1.1.2.tgz#bf1116c9c758c51b7a933d296b72c221ed9428b6"
  integrity sha512-aT6camzM4xEA54YVJYSqxz1kv4IHnQZRtThJJHhUMRExaU5spC7jX5ugSwTaTgJliIgs4VhZOk7htClvQ/LmRA==

debug@^2.6.0:
  version "2.6.9"
  resolved "https://registry.yarnpkg.com/debug/-/debug-2.6.9.tgz#5d128515df134ff327e90a4c93f4e077a536341f"
  integrity sha512-bC7ElrdJaJnPbAP+1EotYvqZsb3ecl5wi6Bfi6BJTUcNowp6cvspg0jXznRTKDjm/E7AdgFBVeAPVMNcKGsHMA==
  dependencies:
    ms "2.0.0"

detect-port@^1.3.0:
  version "1.3.0"
  resolved "https://registry.yarnpkg.com/detect-port/-/detect-port-1.3.0.tgz#d9c40e9accadd4df5cac6a782aefd014d573d1f1"
  integrity sha512-E+B1gzkl2gqxt1IhUzwjrxBKRqx1UzC3WLONHinn8S3T6lwV/agVCyitiFOsGJ/eYuEUBvD71MZHy3Pv1G9doQ==
  dependencies:
    address "^1.0.1"
    debug "^2.6.0"

ms@2.0.0:
  version "2.0.0"
  resolved "https://registry.yarnpkg.com/ms/-/ms-2.0.0.tgz#5608aeadfc00be6c2901df5f9861788de0d597c8"
  integrity sha1-VgiurfwAvmwpAd9fmGF4jeDVl8g=
