{
	"requires": true,
	"lockfileVersion": 1,
	"dependencies": {
		"cuint": {
			"version": "0.2.2",
			"resolved": "https://registry.npmjs.org/cuint/-/cuint-0.2.2.tgz",
			"integrity": "sha1-QICG1AlVDCYxFVYZ6fp7ytw7mRs="
		},
		"mime": {
			"version": "2.3.1",
			"resolved": "https://registry.npmjs.org/mime/-/mime-2.3.1.tgz",
			"integrity": "sha512-OEUllcVoydBHGN1z84yfQDimn58pZNNNXgZlHXSboxMlFvgI6MXSWpWKpFRra7H1HxpVhHTkrghfRW49k6yjeg=="
		},
		"minimist": {
			"version": "0.0.8",
			"resolved": "http://registry.npmjs.org/minimist/-/minimist-0.0.8.tgz",
			"integrity": "sha1-hX/Kv8M5fSYluCKCYuhqp6ARsF0="
		},
		"mkdirp": {
			"version": "0.5.1",
			"resolved": "http://registry.npmjs.org/mkdirp/-/mkdirp-0.5.1.tgz",
			"integrity": "sha1-MAV0OOrGz3+MR2fzhkjWaX11yQM=",
			"requires": {
				"minimist": "0.0.8"
			}
		},
		"xxhashjs": {
			"version": "0.2.2",
			"resolved": "https://registry.npmjs.org/xxhashjs/-/xxhashjs-0.2.2.tgz",
			"integrity": "sha512-AkTuIuVTET12tpsVIQo+ZU6f/qDmKuRUcjaqR+OIvm+aCBsZ95i7UVY5WJ9TMsSaZ0DA2WxoZ4acu0sPH+OKAw==",
			"requires": {
				"cuint": "^0.2.2"
			}
		}
	}
}
