# THIS IS AN AUTOGENERATED FILE. DO NOT EDIT THIS FILE DIRECTLY.
# yarn lockfile v1


base64-js@^1.3.0:
  version "1.3.1"
  resolved "https://registry.yarnpkg.com/base64-js/-/base64-js-1.3.1.tgz#58ece8cb75dd07e71ed08c736abc5fac4dbf8df1"
  integrity sha512-mLQ4i2QO1ytvGWFWmcngKO//JXAQueZvwEKtjgQFM4jIK0kU+ytMfplL8j+n5mspOfjHwoAg+9yhb7BwAHm36g==

cross-fetch@^3.0.4:
  version "3.0.6"
  resolved "https://registry.yarnpkg.com/cross-fetch/-/cross-fetch-3.0.6.tgz#3a4040bc8941e653e0e9cf17f29ebcd177d3365c"
  integrity sha512-KBPUbqgFjzWlVcURG+Svp9TlhA5uliYtiNx/0r8nv0pdypeQCRJ9IaSIc3q/x3q8t3F75cHuwxVql1HFGHCNJQ==
  dependencies:
    node-fetch "2.6.1"

jest-fetch-mock@^3.0.3:
  version "3.0.3"
  resolved "https://registry.yarnpkg.com/jest-fetch-mock/-/jest-fetch-mock-3.0.3.tgz#31749c456ae27b8919d69824f1c2bd85fe0a1f3b"
  integrity sha512-Ux1nWprtLrdrH4XwE7O7InRY6psIi3GOsqNESJgMJ+M5cv4A8Lh7SN9d2V2kKRZ8ebAfcd1LNyZguAOb6JiDqw==
  dependencies:
    cross-fetch "^3.0.4"
    promise-polyfill "^8.1.3"

jsonp-retry@^1.0.3:
  version "1.0.3"
  resolved "https://registry.yarnpkg.com/jsonp-retry/-/jsonp-retry-1.0.3.tgz#9e6b18b02ec767a621dd44b4e99439a8a43a6419"
  integrity sha512-/jmE9+shtKP+oIt2AWO9Wx+C27NTGpLCEw4QHOqpoV2X6ta374HE9C+EEdgu8r3iLKgFMx7u5j0mCwxWN8UdlA==
  dependencies:
    object-assign "^4.1.1"

mobile-detect@^1.4.2:
  version "1.4.4"
  resolved "https://registry.yarnpkg.com/mobile-detect/-/mobile-detect-1.4.4.tgz#686c74e92d3cc06b09a9b3594b7b981494b137f6"
  integrity sha512-vTgEjKjS89C5yHL5qWPpT6BzKuOVqABp+A3Szpbx34pIy3sngxlGaFpgHhfj6fKze1w0QKeOSDbU7SKu7wDvRQ==

node-fetch@2.6.1:
  version "2.6.1"
  resolved "https://registry.yarnpkg.com/node-fetch/-/node-fetch-2.6.1.tgz#045bd323631f76ed2e2b55573394416b639a0052"
  integrity sha512-V4aYg89jEoVRxRb2fJdAg8FHvI7cEyYdVAh94HH0UIK8oJxUfkjlDQN9RbMx+bEjP7+ggMiFRprSti032Oipxw==

object-assign@^4.1.1:
  version "4.1.1"
  resolved "https://registry.yarnpkg.com/object-assign/-/object-assign-4.1.1.tgz#2109adc7965887cfc05cbbd442cac8bfbb360863"
  integrity sha1-IQmtx5ZYh8/AXLvUQsrIv7s2CGM=

performance-now@^2.1.0:
  version "2.1.0"
  resolved "https://registry.yarnpkg.com/performance-now/-/performance-now-2.1.0.tgz#6309f4e0e5fa913ec1c69307ae364b4b377c9e7b"
  integrity sha1-Ywn04OX6kT7BxpMHrjZLSzd8nns=

promise-polyfill@^8.1.3:
  version "8.1.3"
  resolved "https://registry.yarnpkg.com/promise-polyfill/-/promise-polyfill-8.1.3.tgz#8c99b3cf53f3a91c68226ffde7bde81d7f904116"
  integrity sha512-MG5r82wBzh7pSKDRa9y+vllNHz3e3d4CNj1PQE4BQYxLme0gKYYBm9YENq+UkEikyZ0XbiGWxYlVw3Rl9O/U8g==

raf@^3.4.1:
  version "3.4.1"
  resolved "https://registry.yarnpkg.com/raf/-/raf-3.4.1.tgz#0742e99a4a6552f445d73e3ee0328af0ff1ede39"
  integrity sha512-Sq4CW4QhwOHE8ucn6J34MqtZCeWFP2aQSmrlroYgqAV1PjStIhJXxYuTgUIfkEk7zTLjmIjLmU5q+fbD1NnOJA==
  dependencies:
    performance-now "^2.1.0"

whatwg-fetch@^3.4.0:
  version "3.4.1"
  resolved "https://registry.yarnpkg.com/whatwg-fetch/-/whatwg-fetch-3.4.1.tgz#e5f871572d6879663fa5674c8f833f15a8425ab3"
  integrity sha512-sofZVzE1wKwO+EYPbWfiwzaKovWiZXf4coEzjGP9b2GBVgQRLQUZ2QcuPpQExGDAW5GItpEm6Tl4OU5mywnAoQ==
