# THIS IS AN AUTOGENERATED FILE. DO NOT EDIT THIS FILE DIRECTLY.
# yarn lockfile v1


"@hapi/address@^4.0.1":
  version "4.0.1"
  resolved "https://registry.npm.taobao.org/@hapi/address/download/@hapi/address-4.0.1.tgz?cache=0&sync_timestamp=1584145510980&other_urls=https%3A%2F%2Fregistry.npm.taobao.org%2F%40hapi%2Faddress%2Fdownload%2F%40hapi%2Faddress-4.0.1.tgz#267301ddf7bc453718377a6fb3832a2f04a721dd"
  dependencies:
    "@hapi/hoek" "^9.0.0"

"@hapi/formula@^2.0.0":
  version "2.0.0"
  resolved "https://registry.npm.taobao.org/@hapi/formula/download/@hapi/formula-2.0.0.tgz#edade0619ed58c8e4f164f233cda70211e787128"

"@hapi/hoek@^9.0.0":
  version "9.0.4"
  resolved "https://registry.npm.taobao.org/@hapi/hoek/download/@hapi/hoek-9.0.4.tgz#e80ad4e8e8d2adc6c77d985f698447e8628b6010"

"@hapi/joi@17.1.1":
  version "17.1.1"
  resolved "https://registry.npm.taobao.org/@hapi/joi/download/@hapi/joi-17.1.1.tgz#9cc8d7e2c2213d1e46708c6260184b447c661350"
  dependencies:
    "@hapi/address" "^4.0.1"
    "@hapi/formula" "^2.0.0"
    "@hapi/hoek" "^9.0.0"
    "@hapi/pinpoint" "^2.0.0"
    "@hapi/topo" "^5.0.0"

"@hapi/pinpoint@^2.0.0":
  version "2.0.0"
  resolved "https://registry.npm.taobao.org/@hapi/pinpoint/download/@hapi/pinpoint-2.0.0.tgz#805b40d4dbec04fc116a73089494e00f073de8df"

"@hapi/topo@^5.0.0":
  version "5.0.0"
  resolved "https://registry.npm.taobao.org/@hapi/topo/download/@hapi/topo-5.0.0.tgz?cache=0&sync_timestamp=1578129901832&other_urls=https%3A%2F%2Fregistry.npm.taobao.org%2F%40hapi%2Ftopo%2Fdownload%2F%40hapi%2Ftopo-5.0.0.tgz#c19af8577fa393a06e9c77b60995af959be721e7"
  dependencies:
    "@hapi/hoek" "^9.0.0"

fs-extra@8.1.0:
  version "8.1.0"
  resolved "https://registry.npm.taobao.org/fs-extra/download/fs-extra-8.1.0.tgz#49d43c45a88cd9677668cb7be1b46efdb8d2e1c0"
  dependencies:
    graceful-fs "^4.2.0"
    jsonfile "^4.0.0"
    universalify "^0.1.0"

graceful-fs@^4.1.6, graceful-fs@^4.2.0:
  version "4.2.4"
  resolved "https://registry.npm.taobao.org/graceful-fs/download/graceful-fs-4.2.4.tgz#2256bde14d3632958c465ebc96dc467ca07a29fb"

jsonfile@^4.0.0:
  version "4.0.0"
  resolved "https://registry.npm.taobao.org/jsonfile/download/jsonfile-4.0.0.tgz#8771aae0799b64076b76640fca058f9c10e33ecb"
  optionalDependencies:
    graceful-fs "^4.1.6"

lodash@4.17.15:
  version "4.17.15"
  resolved "https://registry.npm.taobao.org/lodash/download/lodash-4.17.15.tgz?cache=0&sync_timestamp=1571657272199&other_urls=https%3A%2F%2Fregistry.npm.taobao.org%2Flodash%2Fdownload%2Flodash-4.17.15.tgz#b447f6670a0455bbfeedd11392eff330ea097548"

path-parse@^1.0.6:
  version "1.0.6"
  resolved "https://registry.npm.taobao.org/path-parse/download/path-parse-1.0.6.tgz#d62dbb5679405d72c4737ec58600e9ddcf06d24c"

resolve@1.15.1:
  version "1.15.1"
  resolved "https://registry.npm.taobao.org/resolve/download/resolve-1.15.1.tgz#27bdcdeffeaf2d6244b95bb0f9f4b4653451f3e8"
  dependencies:
    path-parse "^1.0.6"

tapable@1.1.3:
  version "1.1.3"
  resolved "https://registry.npm.taobao.org/tapable/download/tapable-1.1.3.tgz#a1fccc06b58db61fd7a45da2da44f5f3a3e67ba2"

universalify@^0.1.0:
  version "0.1.2"
  resolved "https://registry.npm.taobao.org/universalify/download/universalify-0.1.2.tgz?cache=0&sync_timestamp=1583530825899&other_urls=https%3A%2F%2Fregistry.npm.taobao.org%2Funiversalify%2Fdownload%2Funiversalify-0.1.2.tgz#b646f69be3942dabcecc9d6639c80dc105efaa66"
