# THIS IS AN AUTOGENERATED FILE. DO NOT EDIT THIS FILE DIRECTLY.
# yarn lockfile v1


"@babel/code-frame@^7.0.0", "@babel/code-frame@^7.10.1":
  version "7.10.1"
  resolved "https://registry.npm.taobao.org/@babel/code-frame/download/@babel/code-frame-7.10.1.tgz?cache=0&other_urls=https%3A%2F%2Fregistry.npm.taobao.org%2F%40babel%2Fcode-frame%2Fdownload%2F%40babel%2Fcode-frame-7.10.1.tgz#d5481c5095daa1c57e16e54c6f9198443afb49ff"
  dependencies:
    "@babel/highlight" "^7.10.1"

"@babel/generator@^7.10.1":
  version "7.10.2"
  resolved "https://registry.npm.taobao.org/@babel/generator/download/@babel/generator-7.10.2.tgz#0fa5b5b2389db8bfdfcc3492b551ee20f5dd69a9"
  dependencies:
    "@babel/types" "^7.10.2"
    jsesc "^2.5.1"
    lodash "^4.17.13"
    source-map "^0.5.0"

"@babel/helper-function-name@^7.10.1":
  version "7.10.1"
  resolved "https://registry.npm.taobao.org/@babel/helper-function-name/download/@babel/helper-function-name-7.10.1.tgz#92bd63829bfc9215aca9d9defa85f56b539454f4"
  dependencies:
    "@babel/helper-get-function-arity" "^7.10.1"
    "@babel/template" "^7.10.1"
    "@babel/types" "^7.10.1"

"@babel/helper-get-function-arity@^7.10.1":
  version "7.10.1"
  resolved "https://registry.npm.taobao.org/@babel/helper-get-function-arity/download/@babel/helper-get-function-arity-7.10.1.tgz#7303390a81ba7cb59613895a192b93850e373f7d"
  dependencies:
    "@babel/types" "^7.10.1"

"@babel/helper-split-export-declaration@^7.10.1":
  version "7.10.1"
  resolved "https://registry.npm.taobao.org/@babel/helper-split-export-declaration/download/@babel/helper-split-export-declaration-7.10.1.tgz#c6f4be1cbc15e3a868e4c64a17d5d31d754da35f"
  dependencies:
    "@babel/types" "^7.10.1"

"@babel/helper-validator-identifier@^7.10.1":
  version "7.10.1"
  resolved "https://registry.npm.taobao.org/@babel/helper-validator-identifier/download/@babel/helper-validator-identifier-7.10.1.tgz#5770b0c1a826c4f53f5ede5e153163e0318e94b5"

"@babel/highlight@^7.10.1":
  version "7.10.1"
  resolved "https://registry.npm.taobao.org/@babel/highlight/download/@babel/highlight-7.10.1.tgz#841d098ba613ba1a427a2b383d79e35552c38ae0"
  dependencies:
    "@babel/helper-validator-identifier" "^7.10.1"
    chalk "^2.0.0"
    js-tokens "^4.0.0"

"@babel/parser@^7.10.1", "@babel/parser@^7.7.0":
  version "7.10.2"
  resolved "https://registry.npm.taobao.org/@babel/parser/download/@babel/parser-7.10.2.tgz#871807f10442b92ff97e4783b9b54f6a0ca812d0"

"@babel/template@^7.10.1":
  version "7.10.1"
  resolved "https://registry.npm.taobao.org/@babel/template/download/@babel/template-7.10.1.tgz#e167154a94cb5f14b28dc58f5356d2162f539811"
  dependencies:
    "@babel/code-frame" "^7.10.1"
    "@babel/parser" "^7.10.1"
    "@babel/types" "^7.10.1"

"@babel/traverse@^7.7.0":
  version "7.10.1"
  resolved "https://registry.npm.taobao.org/@babel/traverse/download/@babel/traverse-7.10.1.tgz#bbcef3031e4152a6c0b50147f4958df54ca0dd27"
  dependencies:
    "@babel/code-frame" "^7.10.1"
    "@babel/generator" "^7.10.1"
    "@babel/helper-function-name" "^7.10.1"
    "@babel/helper-split-export-declaration" "^7.10.1"
    "@babel/parser" "^7.10.1"
    "@babel/types" "^7.10.1"
    debug "^4.1.0"
    globals "^11.1.0"
    lodash "^4.17.13"

"@babel/types@^7.10.1", "@babel/types@^7.10.2", "@babel/types@^7.7.0":
  version "7.10.2"
  resolved "https://registry.npm.taobao.org/@babel/types/download/@babel/types-7.10.2.tgz#30283be31cad0dbf6fb00bd40641ca0ea675172d"
  dependencies:
    "@babel/helper-validator-identifier" "^7.10.1"
    lodash "^4.17.13"
    to-fast-properties "^2.0.0"

"@types/eslint-visitor-keys@^1.0.0":
  version "1.0.0"
  resolved "https://registry.npm.taobao.org/@types/eslint-visitor-keys/download/@types/eslint-visitor-keys-1.0.0.tgz#1ee30d79544ca84d68d4b3cdb0af4f205663dd2d"

"@types/json-schema@^7.0.3":
  version "7.0.4"
  resolved "https://registry.npm.taobao.org/@types/json-schema/download/@types/json-schema-7.0.4.tgz?cache=0&sync_timestamp=1588200629858&other_urls=https%3A%2F%2Fregistry.npm.taobao.org%2F%40types%2Fjson-schema%2Fdownload%2F%40types%2Fjson-schema-7.0.4.tgz#38fd73ddfd9b55abb1e1b2ed578cb55bd7b7d339"

"@typescript-eslint/experimental-utils@2.34.0":
  version "2.34.0"
  resolved "https://registry.npm.taobao.org/@typescript-eslint/experimental-utils/download/@typescript-eslint/experimental-utils-2.34.0.tgz#d3524b644cdb40eebceca67f8cf3e4cc9c8f980f"
  dependencies:
    "@types/json-schema" "^7.0.3"
    "@typescript-eslint/typescript-estree" "2.34.0"
    eslint-scope "^5.0.0"
    eslint-utils "^2.0.0"

"@typescript-eslint/parser@^2.x":
  version "2.34.0"
  resolved "https://registry.npm.taobao.org/@typescript-eslint/parser/download/@typescript-eslint/parser-2.34.0.tgz#50252630ca319685420e9a39ca05fe185a256bc8"
  dependencies:
    "@types/eslint-visitor-keys" "^1.0.0"
    "@typescript-eslint/experimental-utils" "2.34.0"
    "@typescript-eslint/typescript-estree" "2.34.0"
    eslint-visitor-keys "^1.1.0"

"@typescript-eslint/typescript-estree@2.34.0":
  version "2.34.0"
  resolved "https://registry.npm.taobao.org/@typescript-eslint/typescript-estree/download/@typescript-eslint/typescript-estree-2.34.0.tgz#14aeb6353b39ef0732cc7f1b8285294937cf37d5"
  dependencies:
    debug "^4.1.1"
    eslint-visitor-keys "^1.1.0"
    glob "^7.1.6"
    is-glob "^4.0.1"
    lodash "^4.17.15"
    semver "^7.3.2"
    tsutils "^3.17.1"

ansi-styles@^3.2.1:
  version "3.2.1"
  resolved "https://registry.npm.taobao.org/ansi-styles/download/ansi-styles-3.2.1.tgz#41fbb20243e50b12be0f04b8dedbf07520ce841d"
  dependencies:
    color-convert "^1.9.0"

babel-eslint@^10.0.0:
  version "10.1.0"
  resolved "https://registry.npm.taobao.org/babel-eslint/download/babel-eslint-10.1.0.tgz?cache=0&sync_timestamp=1582676223200&other_urls=https%3A%2F%2Fregistry.npm.taobao.org%2Fbabel-eslint%2Fdownload%2Fbabel-eslint-10.1.0.tgz#6968e568a910b78fb3779cdd8b6ac2f479943232"
  dependencies:
    "@babel/code-frame" "^7.0.0"
    "@babel/parser" "^7.7.0"
    "@babel/traverse" "^7.7.0"
    "@babel/types" "^7.7.0"
    eslint-visitor-keys "^1.0.0"
    resolve "^1.12.0"

balanced-match@^1.0.0:
  version "1.0.0"
  resolved "https://registry.npm.taobao.org/balanced-match/download/balanced-match-1.0.0.tgz#89b4d199ab2bee49de164ea02b89ce462d71b767"

brace-expansion@^1.1.7:
  version "1.1.11"
  resolved "https://registry.npm.taobao.org/brace-expansion/download/brace-expansion-1.1.11.tgz#3c7fcbf529d87226f3d2f52b966ff5271eb441dd"
  dependencies:
    balanced-match "^1.0.0"
    concat-map "0.0.1"

chalk@^2.0.0:
  version "2.4.2"
  resolved "https://registry.npm.taobao.org/chalk/download/chalk-2.4.2.tgz#cd42541677a54333cf541a49108c1432b44c9424"
  dependencies:
    ansi-styles "^3.2.1"
    escape-string-regexp "^1.0.5"
    supports-color "^5.3.0"

color-convert@^1.9.0:
  version "1.9.3"
  resolved "https://registry.npm.taobao.org/color-convert/download/color-convert-1.9.3.tgz?cache=0&sync_timestamp=1566248870121&other_urls=https%3A%2F%2Fregistry.npm.taobao.org%2Fcolor-convert%2Fdownload%2Fcolor-convert-1.9.3.tgz#bb71850690e1f136567de629d2d5471deda4c1e8"
  dependencies:
    color-name "1.1.3"

color-name@1.1.3:
  version "1.1.3"
  resolved "https://registry.npm.taobao.org/color-name/download/color-name-1.1.3.tgz#a7d0558bd89c42f795dd42328f740831ca53bc25"

concat-map@0.0.1:
  version "0.0.1"
  resolved "https://registry.npm.taobao.org/concat-map/download/concat-map-0.0.1.tgz#d8a96bd77fd68df7793a73036a3ba0d5405d477b"

debug@^4.1.0, debug@^4.1.1:
  version "4.1.1"
  resolved "https://registry.npm.taobao.org/debug/download/debug-4.1.1.tgz#3b72260255109c6b589cee050f1d516139664791"
  dependencies:
    ms "^2.1.1"

escape-string-regexp@^1.0.5:
  version "1.0.5"
  resolved "https://registry.npm.taobao.org/escape-string-regexp/download/escape-string-regexp-1.0.5.tgz#1b61c0562190a8dff6ae3bb2cf0200ca130b86d4"

eslint-scope@^5.0.0:
  version "5.0.0"
  resolved "https://registry.npm.taobao.org/eslint-scope/download/eslint-scope-5.0.0.tgz?cache=0&sync_timestamp=1563679289211&other_urls=https%3A%2F%2Fregistry.npm.taobao.org%2Feslint-scope%2Fdownload%2Feslint-scope-5.0.0.tgz#e87c8887c73e8d1ec84f1ca591645c358bfc8fb9"
  dependencies:
    esrecurse "^4.1.0"
    estraverse "^4.1.1"

eslint-utils@^2.0.0:
  version "2.0.0"
  resolved "https://registry.npm.taobao.org/eslint-utils/download/eslint-utils-2.0.0.tgz#7be1cc70f27a72a76cd14aa698bcabed6890e1cd"
  dependencies:
    eslint-visitor-keys "^1.1.0"

eslint-visitor-keys@^1.0.0, eslint-visitor-keys@^1.1.0:
  version "1.1.0"
  resolved "https://registry.npm.taobao.org/eslint-visitor-keys/download/eslint-visitor-keys-1.1.0.tgz?cache=0&sync_timestamp=1565705511122&other_urls=https%3A%2F%2Fregistry.npm.taobao.org%2Feslint-visitor-keys%2Fdownload%2Feslint-visitor-keys-1.1.0.tgz#e2a82cea84ff246ad6fb57f9bde5b46621459ec2"

esrecurse@^4.1.0:
  version "4.2.1"
  resolved "https://registry.npm.taobao.org/esrecurse/download/esrecurse-4.2.1.tgz#007a3b9fdbc2b3bb87e4879ea19c92fdbd3942cf"
  dependencies:
    estraverse "^4.1.0"

estraverse@^4.1.0, estraverse@^4.1.1:
  version "4.3.0"
  resolved "https://registry.npm.taobao.org/estraverse/download/estraverse-4.3.0.tgz?cache=0&sync_timestamp=1586968505635&other_urls=https%3A%2F%2Fregistry.npm.taobao.org%2Festraverse%2Fdownload%2Festraverse-4.3.0.tgz#398ad3f3c5a24948be7725e83d11a7de28cdbd1d"

fs.realpath@^1.0.0:
  version "1.0.0"
  resolved "https://registry.npm.taobao.org/fs.realpath/download/fs.realpath-1.0.0.tgz#1504ad2523158caa40db4a2787cb01411994ea4f"

glob@^7.1.6:
  version "7.1.6"
  resolved "https://registry.npm.taobao.org/glob/download/glob-7.1.6.tgz?cache=0&sync_timestamp=1573078121947&other_urls=https%3A%2F%2Fregistry.npm.taobao.org%2Fglob%2Fdownload%2Fglob-7.1.6.tgz#141f33b81a7c2492e125594307480c46679278a6"
  dependencies:
    fs.realpath "^1.0.0"
    inflight "^1.0.4"
    inherits "2"
    minimatch "^3.0.4"
    once "^1.3.0"
    path-is-absolute "^1.0.0"

globals@^11.1.0:
  version "11.12.0"
  resolved "https://registry.npm.taobao.org/globals/download/globals-11.12.0.tgz#ab8795338868a0babd8525758018c2a7eb95c42e"

has-flag@^3.0.0:
  version "3.0.0"
  resolved "https://registry.npm.taobao.org/has-flag/download/has-flag-3.0.0.tgz#b5d454dc2199ae225699f3467e5a07f3b955bafd"

inflight@^1.0.4:
  version "1.0.6"
  resolved "https://registry.npm.taobao.org/inflight/download/inflight-1.0.6.tgz#49bd6331d7d02d0c09bc910a1075ba8165b56df9"
  dependencies:
    once "^1.3.0"
    wrappy "1"

inherits@2:
  version "2.0.4"
  resolved "https://registry.npm.taobao.org/inherits/download/inherits-2.0.4.tgz?cache=0&sync_timestamp=1560975547815&other_urls=https%3A%2F%2Fregistry.npm.taobao.org%2Finherits%2Fdownload%2Finherits-2.0.4.tgz#0fa2c64f932917c3433a0ded55363aae37416b7c"

is-extglob@^2.1.1:
  version "2.1.1"
  resolved "https://registry.npm.taobao.org/is-extglob/download/is-extglob-2.1.1.tgz#a88c02535791f02ed37c76a1b9ea9773c833f8c2"

is-glob@^4.0.1:
  version "4.0.1"
  resolved "https://registry.npm.taobao.org/is-glob/download/is-glob-4.0.1.tgz#7567dbe9f2f5e2467bc77ab83c4a29482407a5dc"
  dependencies:
    is-extglob "^2.1.1"

js-tokens@^4.0.0:
  version "4.0.0"
  resolved "https://registry.npm.taobao.org/js-tokens/download/js-tokens-4.0.0.tgz?cache=0&sync_timestamp=1586796260005&other_urls=https%3A%2F%2Fregistry.npm.taobao.org%2Fjs-tokens%2Fdownload%2Fjs-tokens-4.0.0.tgz#19203fb59991df98e3a287050d4647cdeaf32499"

jsesc@^2.5.1:
  version "2.5.2"
  resolved "https://registry.npm.taobao.org/jsesc/download/jsesc-2.5.2.tgz#80564d2e483dacf6e8ef209650a67df3f0c283a4"

lodash@^4.17.13, lodash@^4.17.15:
  version "4.17.15"
  resolved "https://registry.npm.taobao.org/lodash/download/lodash-4.17.15.tgz?cache=0&sync_timestamp=1571657272199&other_urls=https%3A%2F%2Fregistry.npm.taobao.org%2Flodash%2Fdownload%2Flodash-4.17.15.tgz#b447f6670a0455bbfeedd11392eff330ea097548"

minimatch@^3.0.4:
  version "3.0.4"
  resolved "https://registry.npm.taobao.org/minimatch/download/minimatch-3.0.4.tgz#5166e286457f03306064be5497e8dbb0c3d32083"
  dependencies:
    brace-expansion "^1.1.7"

ms@^2.1.1:
  version "2.1.2"
  resolved "https://registry.npm.taobao.org/ms/download/ms-2.1.2.tgz#d09d1f357b443f493382a8eb3ccd183872ae6009"

once@^1.3.0:
  version "1.4.0"
  resolved "https://registry.npm.taobao.org/once/download/once-1.4.0.tgz#583b1aa775961d4b113ac17d9c50baef9dd76bd1"
  dependencies:
    wrappy "1"

path-is-absolute@^1.0.0:
  version "1.0.1"
  resolved "https://registry.npm.taobao.org/path-is-absolute/download/path-is-absolute-1.0.1.tgz#174b9268735534ffbc7ace6bf53a5a9e1b5c5f5f"

path-parse@^1.0.6:
  version "1.0.6"
  resolved "https://registry.npm.taobao.org/path-parse/download/path-parse-1.0.6.tgz#d62dbb5679405d72c4737ec58600e9ddcf06d24c"

resolve@^1.12.0:
  version "1.17.0"
  resolved "https://registry.npm.taobao.org/resolve/download/resolve-1.17.0.tgz#b25941b54968231cc2d1bb76a79cb7f2c0bf8444"
  dependencies:
    path-parse "^1.0.6"

semver@^7.3.2:
  version "7.3.2"
  resolved "https://registry.npm.taobao.org/semver/download/semver-7.3.2.tgz#604962b052b81ed0786aae84389ffba70ffd3938"

source-map@^0.5.0:
  version "0.5.7"
  resolved "https://registry.npm.taobao.org/source-map/download/source-map-0.5.7.tgz#8a039d2d1021d22d1ea14c80d8ea468ba2ef3fcc"

supports-color@^5.3.0:
  version "5.5.0"
  resolved "https://registry.npm.taobao.org/supports-color/download/supports-color-5.5.0.tgz?cache=0&other_urls=https%3A%2F%2Fregistry.npm.taobao.org%2Fsupports-color%2Fdownload%2Fsupports-color-5.5.0.tgz#e2e69a44ac8772f78a1ec0b35b689df6530efc8f"
  dependencies:
    has-flag "^3.0.0"

to-fast-properties@^2.0.0:
  version "2.0.0"
  resolved "https://registry.npm.taobao.org/to-fast-properties/download/to-fast-properties-2.0.0.tgz?cache=0&sync_timestamp=1580550317222&other_urls=https%3A%2F%2Fregistry.npm.taobao.org%2Fto-fast-properties%2Fdownload%2Fto-fast-properties-2.0.0.tgz#dc5e698cbd079265bc73e0377681a4e4e83f616e"

tslib@^1.8.1:
  version "1.13.0"
  resolved "https://registry.npm.taobao.org/tslib/download/tslib-1.13.0.tgz?cache=0&sync_timestamp=1589411820927&other_urls=https%3A%2F%2Fregistry.npm.taobao.org%2Ftslib%2Fdownload%2Ftslib-1.13.0.tgz#c881e13cc7015894ed914862d276436fa9a47043"

tsutils@^3.17.1:
  version "3.17.1"
  resolved "https://registry.npm.taobao.org/tsutils/download/tsutils-3.17.1.tgz#ed719917f11ca0dee586272b2ac49e015a2dd759"
  dependencies:
    tslib "^1.8.1"

typescript@^3.7.5:
  version "3.9.3"
  resolved "https://registry.npm.taobao.org/typescript/download/typescript-3.9.3.tgz?cache=0&sync_timestamp=1591101711418&other_urls=https%3A%2F%2Fregistry.npm.taobao.org%2Ftypescript%2Fdownload%2Ftypescript-3.9.3.tgz#d3ac8883a97c26139e42df5e93eeece33d610b8a"

wrappy@1:
  version "1.0.2"
  resolved "https://registry.npm.taobao.org/wrappy/download/wrappy-1.0.2.tgz#b5243d8f3ec1aa35f1364605bc0d1036e30ab69f"
