{
	"name": "@tarojs/taro-tt",
	"version": "1.2.0-beta.2",
	"lockfileVersion": 1,
	"requires": true,
	"dependencies": {
		"@tarojs/taro": {
			"version": "1.2.0-beta.2",
			"resolved": "https://registry.npmjs.org/@tarojs/taro/-/taro-1.2.0-beta.2.tgz",
			"integrity": "sha512-Woslj6hicUDXvfZmX+kPawmsJ5MLF+JMW7zGtow+k/O9jdLBCiGHVm3BCkDtUQJof/LVCzK7C0ujsti/kOrNEg=="
		},
		"@tarojs/utils": {
			"version": "1.2.0-beta.2",
			"resolved": "https://registry.npmjs.org/@tarojs/utils/-/utils-1.2.0-beta.2.tgz",
			"integrity": "sha512-l/vL6kUPSSI5SCTggpzhqajGoz/wmnxRn0l0fN0f5l+JkbVuyA6rkUDphalOr61k+nfIeak50QR9FsuF3oMhLg=="
		},
		"js-tokens": {
			"version": "4.0.0",
			"resolved": "http://registry.npm.taobao.org/js-tokens/download/js-tokens-4.0.0.tgz",
			"integrity": "sha1-GSA/tZmR35jjoocFDUZHzerzJJk="
		},
		"lodash": {
			"version": "4.17.11",
			"resolved": "http://registry.npm.taobao.org/lodash/download/lodash-4.17.11.tgz",
			"integrity": "sha1-s56mIp72B+zYniyN8SU2iRysm40="
		},
		"loose-envify": {
			"version": "1.4.0",
			"resolved": "http://registry.npm.taobao.org/loose-envify/download/loose-envify-1.4.0.tgz",
			"integrity": "sha1-ce5R+nvkyuwaY4OffmgtgTLTDK8=",
			"requires": {
				"js-tokens": "^3.0.0 || ^4.0.0"
			}
		},
		"object-assign": {
			"version": "4.1.1",
			"resolved": "http://registry.npm.taobao.org/object-assign/download/object-assign-4.1.1.tgz",
			"integrity": "sha1-IQmtx5ZYh8/AXLvUQsrIv7s2CGM="
		},
		"prop-types": {
			"version": "15.6.2",
			"resolved": "http://registry.npm.taobao.org/prop-types/download/prop-types-15.6.2.tgz",
			"integrity": "sha1-BdXKd7RFPphdYPx/+MhZCUpJcQI=",
			"requires": {
				"loose-envify": "^1.3.1",
				"object-assign": "^4.1.1"
			}
		}
	}
}
