# THIS IS AN AUTOGENERATED FILE. DO NOT EDIT THIS FILE DIRECTLY.
# yarn lockfile v1


"@types/prop-types@*":
  version "15.7.3"
  resolved "https://registry.yarnpkg.com/@types/prop-types/-/prop-types-15.7.3.tgz#2ab0d5da2e5815f94b0b9d4b95d1e5f243ab2ca7"
  integrity sha512-KfRL3PuHmqQLOG+2tGpRO26Ctg+Cq1E01D2DMriKEATHgWLfeNDmq9e29Q9WIky0dQ3NPkd1mzYH8Lm936Z9qw==

"@types/react-native@^0.63.33":
  version "0.63.37"
  resolved "https://registry.yarnpkg.com/@types/react-native/-/react-native-0.63.37.tgz#c43df90c9d3cc082a97a49a53e989de26cb8ab45"
  integrity sha512-xr9SZG7tQQBKT6840tAGaWEC65D2gjyxZtuZxz631UgeW1ofItuu9HMVhoyYqot2hRSa6Q4YC8FYkRVUpM53/w==
  dependencies:
    "@types/react" "*"

"@types/react@*", "@types/react@16.9.56":
  version "16.9.56"
  resolved "https://registry.yarnpkg.com/@types/react/-/react-16.9.56.tgz#ea25847b53c5bec064933095fc366b1462e2adf0"
  integrity sha512-gIkl4J44G/qxbuC6r2Xh+D3CGZpJ+NdWTItAPmZbR5mUS+JQ8Zvzpl0ea5qT/ZT3ZNTUcDKUVqV3xBE8wv/DyQ==
  dependencies:
    "@types/prop-types" "*"
    csstype "^3.0.2"

csstype@^3.0.2:
  version "3.0.5"
  resolved "https://registry.yarnpkg.com/csstype/-/csstype-3.0.5.tgz#7fdec6a28a67ae18647c51668a9ff95bb2fa7bb8"
  integrity sha512-uVDi8LpBUKQj6sdxNaTetL6FpeCqTjOvAQuQUa/qAqq8oOd4ivkbhgnqayl0dnPal8Tb/yB1tF+gOvCBiicaiQ==
