# THIS IS AN AUTOGENERATED FILE. DO NOT EDIT THIS FILE DIRECTLY.
# yarn lockfile v1


"@types/prop-types@*":
  version "15.7.3"
  resolved "https://registry.nlark.com/@types/prop-types/download/@types/prop-types-15.7.3.tgz#2ab0d5da2e5815f94b0b9d4b95d1e5f243ab2ca7"
  integrity sha1-KrDV2i5YFflLC51LldHl8kOrLKc=

"@types/react-native@0.63.51":
  version "0.63.51"
  resolved "https://registry.nlark.com/@types/react-native/download/@types/react-native-0.63.51.tgz?cache=0&sync_timestamp=1622077516530&other_urls=https%3A%2F%2Fregistry.nlark.com%2F%40types%2Freact-native%2Fdownload%2F%40types%2Freact-native-0.63.51.tgz#2fc45ab934801770cdbbcdc6ae5cd85c0e2a2a02"
  integrity sha1-L8RauTSAF3DNu83GrlzYXA4qKgI=
  dependencies:
    "@types/react" "*"

"@types/react@*", "@types/react@16.9.49":
  version "16.9.49"
  resolved "https://registry.nlark.com/@types/react/download/@types/react-16.9.49.tgz?cache=0&sync_timestamp=1621989466713&other_urls=https%3A%2F%2Fregistry.nlark.com%2F%40types%2Freact%2Fdownload%2F%40types%2Freact-16.9.49.tgz#09db021cf8089aba0cdb12a49f8021a69cce4872"
  integrity sha1-CdsCHPgImroM2xKkn4AhppzOSHI=
  dependencies:
    "@types/prop-types" "*"
    csstype "^3.0.2"

csstype@^3.0.2:
  version "3.0.8"
  resolved "https://registry.nlark.com/csstype/download/csstype-3.0.8.tgz?cache=0&sync_timestamp=1618818466657&other_urls=https%3A%2F%2Fregistry.nlark.com%2Fcsstype%2Fdownload%2Fcsstype-3.0.8.tgz#d2266a792729fb227cd216fb572f43728e1ad340"
  integrity sha1-0iZqeScp+yJ80hb7Vy9Dco4a00A=
