# THIS IS AN AUTOGENERATED FILE. DO NOT EDIT THIS FILE DIRECTLY.
# yarn lockfile v1


"@babel/runtime@^7.1.2":
  version "7.10.2"
  resolved "https://registry.npm.taobao.org/@babel/runtime/download/@babel/runtime-7.10.2.tgz#d103f21f2602497d38348a32e008637d506db839"
  dependencies:
    regenerator-runtime "^0.13.4"

"@types/history@^4.7.5":
  version "4.7.6"
  resolved "https://registry.npm.taobao.org/@types/history/download/@types/history-4.7.6.tgz#ed8fc802c45b8e8f54419c2d054e55c9ea344356"

history@^4.10.1:
  version "4.10.1"
  resolved "https://registry.npm.taobao.org/history/download/history-4.10.1.tgz?cache=0&sync_timestamp=1588142792717&other_urls=https%3A%2F%2Fregistry.npm.taobao.org%2Fhistory%2Fdownload%2Fhistory-4.10.1.tgz#33371a65e3a83b267434e2b3f3b1b4c58aad4cf3"
  dependencies:
    "@babel/runtime" "^7.1.2"
    loose-envify "^1.2.0"
    resolve-pathname "^3.0.0"
    tiny-invariant "^1.0.2"
    tiny-warning "^1.0.0"
    value-equal "^1.0.1"

"js-tokens@^3.0.0 || ^4.0.0":
  version "4.0.0"
  resolved "https://registry.npm.taobao.org/js-tokens/download/js-tokens-4.0.0.tgz?cache=0&sync_timestamp=1586796260005&other_urls=https%3A%2F%2Fregistry.npm.taobao.org%2Fjs-tokens%2Fdownload%2Fjs-tokens-4.0.0.tgz#19203fb59991df98e3a287050d4647cdeaf32499"

loose-envify@^1.2.0:
  version "1.4.0"
  resolved "https://registry.npm.taobao.org/loose-envify/download/loose-envify-1.4.0.tgz#71ee51fa7be4caec1a63839f7e682d8132d30caf"
  dependencies:
    js-tokens "^3.0.0 || ^4.0.0"

path-to-regexp@^3.1.0:
  version "3.2.0"
  resolved "https://registry.npm.taobao.org/path-to-regexp/download/path-to-regexp-3.2.0.tgz#fa7877ecbc495c601907562222453c43cc204a5f"

querystringify@^2.1.1:
  version "2.1.1"
  resolved "https://registry.npm.taobao.org/querystringify/download/querystringify-2.1.1.tgz#60e5a5fd64a7f8bfa4d2ab2ed6fdf4c85bad154e"

regenerator-runtime@^0.13.4:
  version "0.13.5"
  resolved "https://registry.npm.taobao.org/regenerator-runtime/download/regenerator-runtime-0.13.5.tgz?cache=0&sync_timestamp=1584052481783&other_urls=https%3A%2F%2Fregistry.npm.taobao.org%2Fregenerator-runtime%2Fdownload%2Fregenerator-runtime-0.13.5.tgz#d878a1d094b4306d10b9096484b33ebd55e26697"

requires-port@^1.0.0:
  version "1.0.0"
  resolved "https://registry.npm.taobao.org/requires-port/download/requires-port-1.0.0.tgz#925d2601d39ac485e091cf0da5c6e694dc3dcaff"

resolve-pathname@^3.0.0:
  version "3.0.0"
  resolved "https://registry.npm.taobao.org/resolve-pathname/download/resolve-pathname-3.0.0.tgz#99d02224d3cf263689becbb393bc560313025dcd"

tiny-invariant@^1.0.2:
  version "1.1.0"
  resolved "https://registry.npm.taobao.org/tiny-invariant/download/tiny-invariant-1.1.0.tgz#634c5f8efdc27714b7f386c35e6760991d230875"

tiny-warning@^1.0.0:
  version "1.0.3"
  resolved "https://registry.npm.taobao.org/tiny-warning/download/tiny-warning-1.0.3.tgz?cache=0&sync_timestamp=1562635535811&other_urls=https%3A%2F%2Fregistry.npm.taobao.org%2Ftiny-warning%2Fdownload%2Ftiny-warning-1.0.3.tgz#94a30db453df4c643d0fd566060d60a875d84754"

universal-router@^8.3.0:
  version "8.3.0"
  resolved "https://registry.npm.taobao.org/universal-router/download/universal-router-8.3.0.tgz#533bce135d7b1abf591421c5d2028d54407a34a0"
  dependencies:
    path-to-regexp "^3.1.0"

url-parse@^1.4.7:
  version "1.4.7"
  resolved "https://registry.npm.taobao.org/url-parse/download/url-parse-1.4.7.tgz#a8a83535e8c00a316e403a5db4ac1b9b853ae278"
  dependencies:
    querystringify "^2.1.1"
    requires-port "^1.0.0"

value-equal@^1.0.1:
  version "1.0.1"
  resolved "https://registry.npm.taobao.org/value-equal/download/value-equal-1.0.1.tgz#1e0b794c734c5c0cade179c437d356d931a34d6c"
