# THIS IS AN AUTOGENERATED FILE. DO NOT EDIT THIS FILE DIRECTLY.
# yarn lockfile v1


react-native-known-styling-properties@^1.0.4:
  version "1.0.5"
  resolved "https://registry.npm.taobao.org/react-native-known-styling-properties/download/react-native-known-styling-properties-1.0.5.tgz#dd99690d579c5136541e1df836e75088af6e7356"
  integrity sha1-3ZlpDVecUTZUHh34NudQiK9uc1Y=
