{
	"requires": true,
	"lockfileVersion": 1,
	"dependencies": {
		"commander": {
			"version": "2.16.0",
			"resolved": "https://registry.npmjs.org/commander/-/commander-2.16.0.tgz",
			"integrity": "sha512-sVXqklSaotK9at437sFlFpyOcJonxe0yST/AG9DkQKUdIE6IqGIMv4SfAQSKaJbSdVEJYItASCrBiVQHq1HQew=="
		},
		"source-map": {
			"version": "0.6.1",
			"resolved": "https://registry.npmjs.org/source-map/-/source-map-0.6.1.tgz",
			"integrity": "sha512-UjgapumWlbMhkBgzT7Ykc5YXUT46F0iKu8SGXq0bcwP5dz/h0Plj6enJqjz1Zbq2l5WaqYnrVbwWOWMyF3F47g=="
		},
		"uglify-js": {
			"version": "3.4.6",
			"resolved": "https://registry.npmjs.org/uglify-js/-/uglify-js-3.4.6.tgz",
			"integrity": "sha512-O1D7L6WcOzS1qW2ehopEm4cWm5yA6bQBozlks8jO8ODxYCy4zv+bR/la4Lwp01tpkYGNonnpXvUpYtrvSu8Yzg==",
			"requires": {
				"commander": "2.16.0",
				"source-map": "0.6.1"
			}
		}
	}
}
